// !$*UTF8*$!
{
	archiveVersion = 1;
	classes = {
	};
	objectVersion = 46;
	objects = {

/* Begin PBXBuildFile section */
		715180A145FD4119995DFFA0 /* libPods.a in Frameworks */ = {isa = PBXBuildFile; fileRef = 05A8E6982CB44B6F92A25A1F /* libPods.a */; };
		844AC0741A03529C00CAE6DE /* BaseViewController.m in Sources */ = {isa = PBXBuildFile; fileRef = 844AC0731A03529C00CAE6DE /* BaseViewController.m */; };
		84EF603219BD49790087507B /* Foundation.framework in Frameworks */ = {isa = PBXBuildFile; fileRef = 84EF603119BD49790087507B /* Foundation.framework */; };
		84EF603419BD49790087507B /* CoreGraphics.framework in Frameworks */ = {isa = PBXBuildFile; fileRef = 84EF603319BD49790087507B /* CoreGraphics.framework */; };
		84EF603619BD49790087507B /* UIKit.framework in Frameworks */ = {isa = PBXBuildFile; fileRef = 84EF603519BD49790087507B /* UIKit.framework */; };
		84EF603C19BD49790087507B /* InfoPlist.strings in Resources */ = {isa = PBXBuildFile; fileRef = 84EF603A19BD49790087507B /* InfoPlist.strings */; };
		84EF603E19BD49790087507B /* main.m in Sources */ = {isa = PBXBuildFile; fileRef = 84EF603D19BD49790087507B /* main.m */; };
		84EF604219BD49790087507B /* AppDelegate.m in Sources */ = {isa = PBXBuildFile; fileRef = 84EF604119BD49790087507B /* AppDelegate.m */; };
		84EF604419BD49790087507B /* Images.xcassets in Resources */ = {isa = PBXBuildFile; fileRef = 84EF604319BD49790087507B /* Images.xcassets */; };
		84EF604B19BD49790087507B /* XCTest.framework in Frameworks */ = {isa = PBXBuildFile; fileRef = 84EF604A19BD49790087507B /* XCTest.framework */; };
		84EF604C19BD49790087507B /* Foundation.framework in Frameworks */ = {isa = PBXBuildFile; fileRef = 84EF603119BD49790087507B /* Foundation.framework */; };
		84EF604D19BD49790087507B /* UIKit.framework in Frameworks */ = {isa = PBXBuildFile; fileRef = 84EF603519BD49790087507B /* UIKit.framework */; };
		84EF605519BD49790087507B /* InfoPlist.strings in Resources */ = {isa = PBXBuildFile; fileRef = 84EF605319BD49790087507B /* InfoPlist.strings */; };
		84EF605719BD49790087507B /* tsansweriphoneTests.m in Sources */ = {isa = PBXBuildFile; fileRef = 84EF605619BD49790087507B /* tsansweriphoneTests.m */; };
/* End PBXBuildFile section */

/* Begin PBXContainerItemProxy section */
		84EF604E19BD49790087507B /* PBXContainerItemProxy */ = {
			isa = PBXContainerItemProxy;
			containerPortal = 84EF602619BD49790087507B /* Project object */;
			proxyType = 1;
			remoteGlobalIDString = 84EF602D19BD49790087507B;
			remoteInfo = tsansweriphone;
		};
/* End PBXContainerItemProxy section */

/* Begin PBXFileReference section */
		05A8E6982CB44B6F92A25A1F /* libPods.a */ = {isa = PBXFileReference; explicitFileType = archive.ar; includeInIndex = 0; path = libPods.a; sourceTree = BUILT_PRODUCTS_DIR; };
		844AC0721A03529C00CAE6DE /* BaseViewController.h */ = {isa = PBXFileReference; fileEncoding = 4; lastKnownFileType = sourcecode.c.h; path = BaseViewController.h; sourceTree = "<group>"; };
		844AC0731A03529C00CAE6DE /* BaseViewController.m */ = {isa = PBXFileReference; fileEncoding = 4; lastKnownFileType = sourcecode.c.objc; path = BaseViewController.m; sourceTree = "<group>"; };
		84EF602E19BD49790087507B /* tsansweriphone.app */ = {isa = PBXFileReference; explicitFileType = wrapper.application; includeInIndex = 0; path = tsansweriphone.app; sourceTree = BUILT_PRODUCTS_DIR; };
		84EF603119BD49790087507B /* Foundation.framework */ = {isa = PBXFileReference; lastKnownFileType = wrapper.framework; name = Foundation.framework; path = System/Library/Frameworks/Foundation.framework; sourceTree = SDKROOT; };
		84EF603319BD49790087507B /* CoreGraphics.framework */ = {isa = PBXFileReference; lastKnownFileType = wrapper.framework; name = CoreGraphics.framework; path = System/Library/Frameworks/CoreGraphics.framework; sourceTree = SDKROOT; };
		84EF603519BD49790087507B /* UIKit.framework */ = {isa = PBXFileReference; lastKnownFileType = wrapper.framework; name = UIKit.framework; path = System/Library/Frameworks/UIKit.framework; sourceTree = SDKROOT; };
		84EF603919BD49790087507B /* tsansweriphone-Info.plist */ = {isa = PBXFileReference; lastKnownFileType = text.plist.xml; path = "tsansweriphone-Info.plist"; sourceTree = "<group>"; };
		84EF603B19BD49790087507B /* en */ = {isa = PBXFileReference; lastKnownFileType = text.plist.strings; name = en; path = en.lproj/InfoPlist.strings; sourceTree = "<group>"; };
		84EF603D19BD49790087507B /* main.m */ = {isa = PBXFileReference; lastKnownFileType = sourcecode.c.objc; path = main.m; sourceTree = "<group>"; };
		84EF603F19BD49790087507B /* tsansweriphone-Prefix.pch */ = {isa = PBXFileReference; lastKnownFileType = sourcecode.c.h; path = "tsansweriphone-Prefix.pch"; sourceTree = "<group>"; };
		84EF604019BD49790087507B /* AppDelegate.h */ = {isa = PBXFileReference; lastKnownFileType = sourcecode.c.h; path = AppDelegate.h; sourceTree = "<group>"; };
		84EF604119BD49790087507B /* AppDelegate.m */ = {isa = PBXFileReference; lastKnownFileType = sourcecode.c.objc; path = AppDelegate.m; sourceTree = "<group>"; };
		84EF604319BD49790087507B /* Images.xcassets */ = {isa = PBXFileReference; lastKnownFileType = folder.assetcatalog; path = Images.xcassets; sourceTree = "<group>"; };
		84EF604919BD49790087507B /* tsansweriphoneTests.xctest */ = {isa = PBXFileReference; explicitFileType = wrapper.cfbundle; includeInIndex = 0; path = tsansweriphoneTests.xctest; sourceTree = BUILT_PRODUCTS_DIR; };
		84EF604A19BD49790087507B /* XCTest.framework */ = {isa = PBXFileReference; lastKnownFileType = wrapper.framework; name = XCTest.framework; path = Library/Frameworks/XCTest.framework; sourceTree = DEVELOPER_DIR; };
		84EF605219BD49790087507B /* tsansweriphoneTests-Info.plist */ = {isa = PBXFileReference; lastKnownFileType = text.plist.xml; path = "tsansweriphoneTests-Info.plist"; sourceTree = "<group>"; };
		84EF605419BD49790087507B /* en */ = {isa = PBXFileReference; lastKnownFileType = text.plist.strings; name = en; path = en.lproj/InfoPlist.strings; sourceTree = "<group>"; };
		84EF605619BD49790087507B /* tsansweriphoneTests.m */ = {isa = PBXFileReference; lastKnownFileType = sourcecode.c.objc; path = tsansweriphoneTests.m; sourceTree = "<group>"; };
		8DEA9AAA390E468CB7CBBBBC /* Pods.xcconfig */ = {isa = PBXFileReference; includeInIndex = 1; lastKnownFileType = text.xcconfig; name = Pods.xcconfig; path = Pods/Pods.xcconfig; sourceTree = "<group>"; };
/* End PBXFileReference section */

/* Begin PBXFrameworksBuildPhase section */
		84EF602B19BD49790087507B /* Frameworks */ = {
			isa = PBXFrameworksBuildPhase;
			buildActionMask = 2147483647;
			files = (
				84EF603419BD49790087507B /* CoreGraphics.framework in Frameworks */,
				84EF603619BD49790087507B /* UIKit.framework in Frameworks */,
				84EF603219BD49790087507B /* Foundation.framework in Frameworks */,
				715180A145FD4119995DFFA0 /* libPods.a in Frameworks */,
			);
			runOnlyForDeploymentPostprocessing = 0;
		};
		84EF604619BD49790087507B /* Frameworks */ = {
			isa = PBXFrameworksBuildPhase;
			buildActionMask = 2147483647;
			files = (
				84EF604B19BD49790087507B /* XCTest.framework in Frameworks */,
				84EF604D19BD49790087507B /* UIKit.framework in Frameworks */,
				84EF604C19BD49790087507B /* Foundation.framework in Frameworks */,
			);
			runOnlyForDeploymentPostprocessing = 0;
		};
/* End PBXFrameworksBuildPhase section */

/* Begin PBXGroup section */
		844AC0701A03529C00CAE6DE /* ViewController */ = {
			isa = PBXGroup;
			children = (
				844AC0711A03529C00CAE6DE /* BaseViewController */,
			);
			path = ViewController;
			sourceTree = "<group>";
		};
		844AC0711A03529C00CAE6DE /* BaseViewController */ = {
			isa = PBXGroup;
			children = (
				844AC0721A03529C00CAE6DE /* BaseViewController.h */,
				844AC0731A03529C00CAE6DE /* BaseViewController.m */,
			);
			path = BaseViewController;
			sourceTree = "<group>";
		};
		84EF602519BD49790087507B = {
			isa = PBXGroup;
			children = (
				84EF603719BD49790087507B /* tsansweriphone */,
				84EF605019BD49790087507B /* tsansweriphoneTests */,
				84EF603019BD49790087507B /* Frameworks */,
				84EF602F19BD49790087507B /* Products */,
				8DEA9AAA390E468CB7CBBBBC /* Pods.xcconfig */,
			);
			sourceTree = "<group>";
		};
		84EF602F19BD49790087507B /* Products */ = {
			isa = PBXGroup;
			children = (
				84EF602E19BD49790087507B /* tsansweriphone.app */,
				84EF604919BD49790087507B /* tsansweriphoneTests.xctest */,
			);
			name = Products;
			sourceTree = "<group>";
		};
		84EF603019BD49790087507B /* Frameworks */ = {
			isa = PBXGroup;
			children = (
				84EF603119BD49790087507B /* Foundation.framework */,
				84EF603319BD49790087507B /* CoreGraphics.framework */,
				84EF603519BD49790087507B /* UIKit.framework */,
				84EF604A19BD49790087507B /* XCTest.framework */,
				05A8E6982CB44B6F92A25A1F /* libPods.a */,
			);
			name = Frameworks;
			sourceTree = "<group>";
		};
		84EF603719BD49790087507B /* tsansweriphone */ = {
			isa = PBXGroup;
			children = (
				84EF604019BD49790087507B /* AppDelegate.h */,
				84EF604119BD49790087507B /* AppDelegate.m */,
				84EF606019BD4BFD0087507B /* Libs */,
				84EF606119BD4BFD0087507B /* Resource */,
				844AC0701A03529C00CAE6DE /* ViewController */,
				84EF604319BD49790087507B /* Images.xcassets */,
				84EF603819BD49790087507B /* Supporting Files */,
			);
			path = tsansweriphone;
			sourceTree = "<group>";
		};
		84EF603819BD49790087507B /* Supporting Files */ = {
			isa = PBXGroup;
			children = (
				84EF603919BD49790087507B /* tsansweriphone-Info.plist */,
				84EF603A19BD49790087507B /* InfoPlist.strings */,
				84EF603D19BD49790087507B /* main.m */,
				84EF603F19BD49790087507B /* tsansweriphone-Prefix.pch */,
			);
			name = "Supporting Files";
			sourceTree = "<group>";
		};
		84EF605019BD49790087507B /* tsansweriphoneTests */ = {
			isa = PBXGroup;
			children = (
				84EF605619BD49790087507B /* tsansweriphoneTests.m */,
				84EF605119BD49790087507B /* Supporting Files */,
			);
			path = tsansweriphoneTests;
			sourceTree = "<group>";
		};
		84EF605119BD49790087507B /* Supporting Files */ = {
			isa = PBXGroup;
			children = (
				84EF605219BD49790087507B /* tsansweriphoneTests-Info.plist */,
				84EF605319BD49790087507B /* InfoPlist.strings */,
			);
			name = "Supporting Files";
			sourceTree = "<group>";
		};
		84EF606019BD4BFD0087507B /* Libs */ = {
			isa = PBXGroup;
			children = (
			);
			path = Libs;
			sourceTree = "<group>";
		};
		84EF606119BD4BFD0087507B /* Resource */ = {
			isa = PBXGroup;
			children = (
			);
			path = Resource;
			sourceTree = "<group>";
		};
/* End PBXGroup section */

/* Begin PBXNativeTarget section */
		84EF602D19BD49790087507B /* tsansweriphone */ = {
			isa = PBXNativeTarget;
			buildConfigurationList = 84EF605A19BD49790087507B /* Build configuration list for PBXNativeTarget "tsansweriphone" */;
			buildPhases = (
				4CEE225760E442C5845D909E /* Check Pods Manifest.lock */,
				84EF602A19BD49790087507B /* Sources */,
				84EF602B19BD49790087507B /* Frameworks */,
				84EF602C19BD49790087507B /* Resources */,
				1D8709B364784373A0F3C4BA /* Copy Pods Resources */,
			);
			buildRules = (
			);
			dependencies = (
			);
			name = tsansweriphone;
			productName = tsansweriphone;
			productReference = 84EF602E19BD49790087507B /* tsansweriphone.app */;
			productType = "com.apple.product-type.application";
		};
		84EF604819BD49790087507B /* tsansweriphoneTests */ = {
			isa = PBXNativeTarget;
			buildConfigurationList = 84EF605D19BD49790087507B /* Build configuration list for PBXNativeTarget "tsansweriphoneTests" */;
			buildPhases = (
				84EF604519BD49790087507B /* Sources */,
				84EF604619BD49790087507B /* Frameworks */,
				84EF604719BD49790087507B /* Resources */,
			);
			buildRules = (
			);
			dependencies = (
				84EF604F19BD49790087507B /* PBXTargetDependency */,
			);
			name = tsansweriphoneTests;
			productName = tsansweriphoneTests;
			productReference = 84EF604919BD49790087507B /* tsansweriphoneTests.xctest */;
			productType = "com.apple.product-type.bundle.unit-test";
		};
/* End PBXNativeTarget section */

/* Begin PBXProject section */
		84EF602619BD49790087507B /* Project object */ = {
			isa = PBXProject;
			attributes = {
				LastUpgradeCheck = 0510;
				ORGANIZATIONNAME = xiaoguizi;
				TargetAttributes = {
					84EF604819BD49790087507B = {
						TestTargetID = 84EF602D19BD49790087507B;
					};
				};
			};
			buildConfigurationList = 84EF602919BD49790087507B /* Build configuration list for PBXProject "tsansweriphone" */;
			compatibilityVersion = "Xcode 3.2";
			developmentRegion = English;
			hasScannedForEncodings = 0;
			knownRegions = (
				en,
			);
			mainGroup = 84EF602519BD49790087507B;
			productRefGroup = 84EF602F19BD49790087507B /* Products */;
			projectDirPath = "";
			projectRoot = "";
			targets = (
				84EF602D19BD49790087507B /* tsansweriphone */,
				84EF604819BD49790087507B /* tsansweriphoneTests */,
			);
		};
/* End PBXProject section */

/* Begin PBXResourcesBuildPhase section */
		84EF602C19BD49790087507B /* Resources */ = {
			isa = PBXResourcesBuildPhase;
			buildActionMask = 2147483647;
			files = (
				84EF603C19BD49790087507B /* InfoPlist.strings in Resources */,
				84EF604419BD49790087507B /* Images.xcassets in Resources */,
			);
			runOnlyForDeploymentPostprocessing = 0;
		};
		84EF604719BD49790087507B /* Resources */ = {
			isa = PBXResourcesBuildPhase;
			buildActionMask = 2147483647;
			files = (
				84EF605519BD49790087507B /* InfoPlist.strings in Resources */,
			);
			runOnlyForDeploymentPostprocessing = 0;
		};
/* End PBXResourcesBuildPhase section */

/* Begin PBXShellScriptBuildPhase section */
		1D8709B364784373A0F3C4BA /* Copy Pods Resources */ = {
			isa = PBXShellScriptBuildPhase;
			buildActionMask = 2147483647;
			files = (
			);
			inputPaths = (
			);
			name = "Copy Pods Resources";
			outputPaths = (
			);
			runOnlyForDeploymentPostprocessing = 0;
			shellPath = /bin/sh;
			shellScript = "\"${SRCROOT}/Pods/Pods-resources.sh\"\n";
			showEnvVarsInLog = 0;
		};
		4CEE225760E442C5845D909E /* Check Pods Manifest.lock */ = {
			isa = PBXShellScriptBuildPhase;
			buildActionMask = 2147483647;
			files = (
			);
			inputPaths = (
			);
			name = "Check Pods Manifest.lock";
			outputPaths = (
			);
			runOnlyForDeploymentPostprocessing = 0;
			shellPath = /bin/sh;
			shellScript = "diff \"${PODS_ROOT}/../Podfile.lock\" \"${PODS_ROOT}/Manifest.lock\" > /dev/null\nif [[ $? != 0 ]] ; then\n    cat << EOM\nerror: The sandbox is not in sync with the Podfile.lock. Run 'pod install' or update your CocoaPods installation.\nEOM\n    exit 1\nfi\n";
			showEnvVarsInLog = 0;
		};
/* End PBXShellScriptBuildPhase section */

/* Begin PBXSourcesBuildPhase section */
		84EF602A19BD49790087507B /* Sources */ = {
			isa = PBXSourcesBuildPhase;
			buildActionMask = 2147483647;
			files = (
				84EF604219BD49790087507B /* AppDelegate.m in Sources */,
				844AC0741A03529C00CAE6DE /* BaseViewController.m in Sources */,
				84EF603E19BD49790087507B /* main.m in Sources */,
			);
			runOnlyForDeploymentPostprocessing = 0;
		};
		84EF604519BD49790087507B /* Sources */ = {
			isa = PBXSourcesBuildPhase;
			buildActionMask = 2147483647;
			files = (
				84EF605719BD49790087507B /* tsansweriphoneTests.m in Sources */,
			);
			runOnlyForDeploymentPostprocessing = 0;
		};
/* End PBXSourcesBuildPhase section */

/* Begin PBXTargetDependency section */
		84EF604F19BD49790087507B /* PBXTargetDependency */ = {
			isa = PBXTargetDependency;
			target = 84EF602D19BD49790087507B /* tsansweriphone */;
			targetProxy = 84EF604E19BD49790087507B /* PBXContainerItemProxy */;
		};
/* End PBXTargetDependency section */

/* Begin PBXVariantGroup section */
		84EF603A19BD49790087507B /* InfoPlist.strings */ = {
			isa = PBXVariantGroup;
			children = (
				84EF603B19BD49790087507B /* en */,
			);
			name = InfoPlist.strings;
			sourceTree = "<group>";
		};
		84EF605319BD49790087507B /* InfoPlist.strings */ = {
			isa = PBXVariantGroup;
			children = (
				84EF605419BD49790087507B /* en */,
			);
			name = InfoPlist.strings;
			sourceTree = "<group>";
		};
/* End PBXVariantGroup section */

/* Begin XCBuildConfiguration section */
		84EF605819BD49790087507B /* Debug */ = {
			isa = XCBuildConfiguration;
			buildSettings = {
				ALWAYS_SEARCH_USER_PATHS = NO;
				CLANG_CXX_LANGUAGE_STANDARD = "gnu++0x";
				CLANG_CXX_LIBRARY = "libc++";
				CLANG_ENABLE_MODULES = YES;
				CLANG_ENABLE_OBJC_ARC = YES;
				CLANG_WARN_BOOL_CONVERSION = YES;
				CLANG_WARN_CONSTANT_CONVERSION = YES;
				CLANG_WARN_DIRECT_OBJC_ISA_USAGE = YES_ERROR;
				CLANG_WARN_EMPTY_BODY = YES;
				CLANG_WARN_ENUM_CONVERSION = YES;
				CLANG_WARN_INT_CONVERSION = YES;
				CLANG_WARN_OBJC_ROOT_CLASS = YES_ERROR;
				CLANG_WARN__DUPLICATE_METHOD_MATCH = YES;
				"CODE_SIGN_IDENTITY[sdk=iphoneos*]" = "iPhone Developer";
				COPY_PHASE_STRIP = NO;
				GCC_C_LANGUAGE_STANDARD = gnu99;
				GCC_DYNAMIC_NO_PIC = NO;
				GCC_OPTIMIZATION_LEVEL = 0;
				GCC_PREPROCESSOR_DEFINITIONS = (
					"DEBUG=1",
					"$(inherited)",
				);
				GCC_SYMBOLS_PRIVATE_EXTERN = NO;
				GCC_WARN_64_TO_32_BIT_CONVERSION = YES;
				GCC_WARN_ABOUT_RETURN_TYPE = YES_ERROR;
				GCC_WARN_UNDECLARED_SELECTOR = YES;
				GCC_WARN_UNINITIALIZED_AUTOS = YES_AGGRESSIVE;
				GCC_WARN_UNUSED_FUNCTION = YES;
				GCC_WARN_UNUSED_VARIABLE = YES;
				IPHONEOS_DEPLOYMENT_TARGET = 7.1;
				ONLY_ACTIVE_ARCH = YES;
				SDKROOT = iphoneos;
			};
			name = Debug;
		};
		84EF605919BD49790087507B /* Release */ = {
			isa = XCBuildConfiguration;
			buildSettings = {
				ALWAYS_SEARCH_USER_PATHS = NO;
				CLANG_CXX_LANGUAGE_STANDARD = "gnu++0x";
				CLANG_CXX_LIBRARY = "libc++";
				CLANG_ENABLE_MODULES = YES;
				CLANG_ENABLE_OBJC_ARC = YES;
				CLANG_WARN_BOOL_CONVERSION = YES;
				CLANG_WARN_CONSTANT_CONVERSION = YES;
				CLANG_WARN_DIRECT_OBJC_ISA_USAGE = YES_ERROR;
				CLANG_WARN_EMPTY_BODY = YES;
				CLANG_WARN_ENUM_CONVERSION = YES;
				CLANG_WARN_INT_CONVERSION = YES;
				CLANG_WARN_OBJC_ROOT_CLASS = YES_ERROR;
				CLANG_WARN__DUPLICATE_METHOD_MATCH = YES;
				"CODE_SIGN_IDENTITY[sdk=iphoneos*]" = "iPhone Developer";
				COPY_PHASE_STRIP = YES;
				ENABLE_NS_ASSERTIONS = NO;
				GCC_C_LANGUAGE_STANDARD = gnu99;
				GCC_WARN_64_TO_32_BIT_CONVERSION = YES;
				GCC_WARN_ABOUT_RETURN_TYPE = YES_ERROR;
				GCC_WARN_UNDECLARED_SELECTOR = YES;
				GCC_WARN_UNINITIALIZED_AUTOS = YES_AGGRESSIVE;
				GCC_WARN_UNUSED_FUNCTION = YES;
				GCC_WARN_UNUSED_VARIABLE = YES;
				IPHONEOS_DEPLOYMENT_TARGET = 7.1;
				SDKROOT = iphoneos;
				VALIDATE_PRODUCT = YES;
			};
			name = Release;
		};
		84EF605B19BD49790087507B /* Debug */ = {
			isa = XCBuildConfiguration;
			baseConfigurationReference = 8DEA9AAA390E468CB7CBBBBC /* Pods.xcconfig */;
			buildSettings = {
				ASSETCATALOG_COMPILER_APPICON_NAME = AppIcon;
				ASSETCATALOG_COMPILER_LAUNCHIMAGE_NAME = LaunchImage;
				GCC_PRECOMPILE_PREFIX_HEADER = YES;
				GCC_PREFIX_HEADER = "tsansweriphone/tsansweriphone-Prefix.pch";
				INFOPLIST_FILE = "tsansweriphone/tsansweriphone-Info.plist";
				PRODUCT_NAME = "$(TARGET_NAME)";
				WRAPPER_EXTENSION = app;
			};
			name = Debug;
		};
		84EF605C19BD49790087507B /* Release */ = {
			isa = XCBuildConfiguration;
			baseConfigurationReference = 8DEA9AAA390E468CB7CBBBBC /* Pods.xcconfig */;
			buildSettings = {
				ASSETCATALOG_COMPILER_APPICON_NAME = AppIcon;
				ASSETCATALOG_COMPILER_LAUNCHIMAGE_NAME = LaunchImage;
				GCC_PRECOMPILE_PREFIX_HEADER = YES;
				GCC_PREFIX_HEADER = "tsansweriphone/tsansweriphone-Prefix.pch";
				INFOPLIST_FILE = "tsansweriphone/tsansweriphone-Info.plist";
				PRODUCT_NAME = "$(TARGET_NAME)";
				WRAPPER_EXTENSION = app;
			};
			name = Release;
		};
		84EF605E19BD49790087507B /* Debug */ = {
			isa = XCBuildConfiguration;
			buildSettings = {
				BUNDLE_LOADER = "$(BUILT_PRODUCTS_DIR)/tsansweriphone.app/tsansweriphone";
				FRAMEWORK_SEARCH_PATHS = (
					"$(SDKROOT)/Developer/Library/Frameworks",
					"$(inherited)",
					"$(DEVELOPER_FRAMEWORKS_DIR)",
				);
				GCC_PRECOMPILE_PREFIX_HEADER = YES;
				GCC_PREFIX_HEADER = "tsansweriphone/tsansweriphone-Prefix.pch";
				GCC_PREPROCESSOR_DEFINITIONS = (
					"DEBUG=1",
					"$(inherited)",
				);
				INFOPLIST_FILE = "tsansweriphoneTests/tsansweriphoneTests-Info.plist";
				PRODUCT_NAME = "$(TARGET_NAME)";
				TEST_HOST = "$(BUNDLE_LOADER)";
				WRAPPER_EXTENSION = xctest;
			};
			name = Debug;
		};
		84EF605F19BD49790087507B /* Release */ = {
			isa = XCBuildConfiguration;
			buildSettings = {
				BUNDLE_LOADER = "$(BUILT_PRODUCTS_DIR)/tsansweriphone.app/tsansweriphone";
				FRAMEWORK_SEARCH_PATHS = (
					"$(SDKROOT)/Developer/Library/Frameworks",
					"$(inherited)",
					"$(DEVELOPER_FRAMEWORKS_DIR)",
				);
				GCC_PRECOMPILE_PREFIX_HEADER = YES;
				GCC_PREFIX_HEADER = "tsansweriphone/tsansweriphone-Prefix.pch";
				INFOPLIST_FILE = "tsansweriphoneTests/tsansweriphoneTests-Info.plist";
				PRODUCT_NAME = "$(TARGET_NAME)";
				TEST_HOST = "$(BUNDLE_LOADER)";
				WRAPPER_EXTENSION = xctest;
			};
			name = Release;
		};
/* End XCBuildConfiguration section */

/* Begin XCConfigurationList section */
		84EF602919BD49790087507B /* Build configuration list for PBXProject "tsansweriphone" */ = {
			isa = XCConfigurationList;
			buildConfigurations = (
				84EF605819BD49790087507B /* Debug */,
				84EF605919BD49790087507B /* Release */,
			);
			defaultConfigurationIsVisible = 0;
			defaultConfigurationName = Release;
		};
		84EF605A19BD49790087507B /* Build configuration list for PBXNativeTarget "tsansweriphone" */ = {
			isa = XCConfigurationList;
			buildConfigurations = (
				84EF605B19BD49790087507B /* Debug */,
				84EF605C19BD49790087507B /* Release */,
			);
			defaultConfigurationIsVisible = 0;
			defaultConfigurationName = Release;
		};
		84EF605D19BD49790087507B /* Build configuration list for PBXNativeTarget "tsansweriphoneTests" */ = {
			isa = XCConfigurationList;
			buildConfigurations = (
				84EF605E19BD49790087507B /* Debug */,
				84EF605F19BD49790087507B /* Release */,
			);
			defaultConfigurationIsVisible = 0;
			defaultConfigurationName = Release;
		};
/* End XCConfigurationList section */
	};
	rootObject = 84EF602619BD49790087507B /* Project object */;
}
