// !$*UTF8*$!
{
	archiveVersion = 1;
	classes = {
	};
	objectVersion = 46;
	objects = {

/* Begin PBXBuildFile section */
		843D7A221A05264B007FC689 /* main.m in Sources */ = {isa = PBXBuildFile; fileRef = 843D7A211A05264B007FC689 /* main.m */; };
		843D7A251A05264B007FC689 /* AppDelegate.m in Sources */ = {isa = PBXBuildFile; fileRef = 843D7A241A05264B007FC689 /* AppDelegate.m */; };
		843D7A281A05264B007FC689 /* ViewController.m in Sources */ = {isa = PBXBuildFile; fileRef = 843D7A271A05264B007FC689 /* ViewController.m */; };
		843D7A2B1A05264B007FC689 /* Main.storyboard in Resources */ = {isa = PBXBuildFile; fileRef = 843D7A291A05264B007FC689 /* Main.storyboard */; };
		843D7A2D1A05264B007FC689 /* Images.xcassets in Resources */ = {isa = PBXBuildFile; fileRef = 843D7A2C1A05264B007FC689 /* Images.xcassets */; };
		843D7A301A05264B007FC689 /* LaunchScreen.xib in Resources */ = {isa = PBXBuildFile; fileRef = 843D7A2E1A05264B007FC689 /* LaunchScreen.xib */; };
		843D7A3C1A05264C007FC689 /* olasiphoneTests.m in Sources */ = {isa = PBXBuildFile; fileRef = 843D7A3B1A05264C007FC689 /* olasiphoneTests.m */; };
/* End PBXBuildFile section */

/* Begin PBXContainerItemProxy section */
		843D7A361A05264C007FC689 /* PBXContainerItemProxy */ = {
			isa = PBXContainerItemProxy;
			containerPortal = 843D7A141A05264B007FC689 /* Project object */;
			proxyType = 1;
			remoteGlobalIDString = 843D7A1B1A05264B007FC689;
			remoteInfo = olasiphone;
		};
/* End PBXContainerItemProxy section */

/* Begin PBXFileReference section */
		843D7A1C1A05264B007FC689 /* olasiphone.app */ = {isa = PBXFileReference; explicitFileType = wrapper.application; includeInIndex = 0; path = olasiphone.app; sourceTree = BUILT_PRODUCTS_DIR; };
		843D7A201A05264B007FC689 /* Info.plist */ = {isa = PBXFileReference; lastKnownFileType = text.plist.xml; path = Info.plist; sourceTree = "<group>"; };
		843D7A211A05264B007FC689 /* main.m */ = {isa = PBXFileReference; lastKnownFileType = sourcecode.c.objc; path = main.m; sourceTree = "<group>"; };
		843D7A231A05264B007FC689 /* AppDelegate.h */ = {isa = PBXFileReference; lastKnownFileType = sourcecode.c.h; path = AppDelegate.h; sourceTree = "<group>"; };
		843D7A241A05264B007FC689 /* AppDelegate.m */ = {isa = PBXFileReference; lastKnownFileType = sourcecode.c.objc; path = AppDelegate.m; sourceTree = "<group>"; };
		843D7A261A05264B007FC689 /* ViewController.h */ = {isa = PBXFileReference; lastKnownFileType = sourcecode.c.h; path = ViewController.h; sourceTree = "<group>"; };
		843D7A271A05264B007FC689 /* ViewController.m */ = {isa = PBXFileReference; lastKnownFileType = sourcecode.c.objc; path = ViewController.m; sourceTree = "<group>"; };
		843D7A2A1A05264B007FC689 /* Base */ = {isa = PBXFileReference; lastKnownFileType = file.storyboard; name = Base; path = Base.lproj/Main.storyboard; sourceTree = "<group>"; };
		843D7A2C1A05264B007FC689 /* Images.xcassets */ = {isa = PBXFileReference; lastKnownFileType = folder.assetcatalog; path = Images.xcassets; sourceTree = "<group>"; };
		843D7A2F1A05264B007FC689 /* Base */ = {isa = PBXFileReference; lastKnownFileType = file.xib; name = Base; path = Base.lproj/LaunchScreen.xib; sourceTree = "<group>"; };
		843D7A351A05264C007FC689 /* olasiphoneTests.xctest */ = {isa = PBXFileReference; explicitFileType = wrapper.cfbundle; includeInIndex = 0; path = olasiphoneTests.xctest; sourceTree = BUILT_PRODUCTS_DIR; };
		843D7A3A1A05264C007FC689 /* Info.plist */ = {isa = PBXFileReference; lastKnownFileType = text.plist.xml; path = Info.plist; sourceTree = "<group>"; };
		843D7A3B1A05264C007FC689 /* olasiphoneTests.m */ = {isa = PBXFileReference; lastKnownFileType = sourcecode.c.objc; path = olasiphoneTests.m; sourceTree = "<group>"; };
/* End PBXFileReference section */

/* Begin PBXFrameworksBuildPhase section */
		843D7A191A05264B007FC689 /* Frameworks */ = {
			isa = PBXFrameworksBuildPhase;
			buildActionMask = 2147483647;
			files = (
			);
			runOnlyForDeploymentPostprocessing = 0;
		};
		843D7A321A05264C007FC689 /* Frameworks */ = {
			isa = PBXFrameworksBuildPhase;
			buildActionMask = 2147483647;
			files = (
			);
			runOnlyForDeploymentPostprocessing = 0;
		};
/* End PBXFrameworksBuildPhase section */

/* Begin PBXGroup section */
		843D7A131A05264B007FC689 = {
			isa = PBXGroup;
			children = (
				843D7A1E1A05264B007FC689 /* olasiphone */,
				843D7A381A05264C007FC689 /* olasiphoneTests */,
				843D7A1D1A05264B007FC689 /* Products */,
			);
			sourceTree = "<group>";
		};
		843D7A1D1A05264B007FC689 /* Products */ = {
			isa = PBXGroup;
			children = (
				843D7A1C1A05264B007FC689 /* olasiphone.app */,
				843D7A351A05264C007FC689 /* olasiphoneTests.xctest */,
			);
			name = Products;
			sourceTree = "<group>";
		};
		843D7A1E1A05264B007FC689 /* olasiphone */ = {
			isa = PBXGroup;
			children = (
				843D7A231A05264B007FC689 /* AppDelegate.h */,
				843D7A241A05264B007FC689 /* AppDelegate.m */,
				843D7A261A05264B007FC689 /* ViewController.h */,
				843D7A271A05264B007FC689 /* ViewController.m */,
				843D7A291A05264B007FC689 /* Main.storyboard */,
				843D7A2C1A05264B007FC689 /* Images.xcassets */,
				843D7A2E1A05264B007FC689 /* LaunchScreen.xib */,
				843D7A1F1A05264B007FC689 /* Supporting Files */,
			);
			path = olasiphone;
			sourceTree = "<group>";
		};
		843D7A1F1A05264B007FC689 /* Supporting Files */ = {
			isa = PBXGroup;
			children = (
				843D7A201A05264B007FC689 /* Info.plist */,
				843D7A211A05264B007FC689 /* main.m */,
			);
			name = "Supporting Files";
			sourceTree = "<group>";
		};
		843D7A381A05264C007FC689 /* olasiphoneTests */ = {
			isa = PBXGroup;
			children = (
				843D7A3B1A05264C007FC689 /* olasiphoneTests.m */,
				843D7A391A05264C007FC689 /* Supporting Files */,
			);
			path = olasiphoneTests;
			sourceTree = "<group>";
		};
		843D7A391A05264C007FC689 /* Supporting Files */ = {
			isa = PBXGroup;
			children = (
				843D7A3A1A05264C007FC689 /* Info.plist */,
			);
			name = "Supporting Files";
			sourceTree = "<group>";
		};
/* End PBXGroup section */

/* Begin PBXNativeTarget section */
		843D7A1B1A05264B007FC689 /* olasiphone */ = {
			isa = PBXNativeTarget;
			buildConfigurationList = 843D7A3F1A05264C007FC689 /* Build configuration list for PBXNativeTarget "olasiphone" */;
			buildPhases = (
				843D7A181A05264B007FC689 /* Sources */,
				843D7A191A05264B007FC689 /* Frameworks */,
				843D7A1A1A05264B007FC689 /* Resources */,
			);
			buildRules = (
			);
			dependencies = (
			);
			name = olasiphone;
			productName = olasiphone;
			productReference = 843D7A1C1A05264B007FC689 /* olasiphone.app */;
			productType = "com.apple.product-type.application";
		};
		843D7A341A05264C007FC689 /* olasiphoneTests */ = {
			isa = PBXNativeTarget;
			buildConfigurationList = 843D7A421A05264C007FC689 /* Build configuration list for PBXNativeTarget "olasiphoneTests" */;
			buildPhases = (
				843D7A311A05264C007FC689 /* Sources */,
				843D7A321A05264C007FC689 /* Frameworks */,
				843D7A331A05264C007FC689 /* Resources */,
			);
			buildRules = (
			);
			dependencies = (
				843D7A371A05264C007FC689 /* PBXTargetDependency */,
			);
			name = olasiphoneTests;
			productName = olasiphoneTests;
			productReference = 843D7A351A05264C007FC689 /* olasiphoneTests.xctest */;
			productType = "com.apple.product-type.bundle.unit-test";
		};
/* End PBXNativeTarget section */

/* Begin PBXProject section */
		843D7A141A05264B007FC689 /* Project object */ = {
			isa = PBXProject;
			attributes = {
				LastUpgradeCheck = 0610;
				ORGANIZATIONNAME = xiaoguizi;
				TargetAttributes = {
					843D7A1B1A05264B007FC689 = {
						CreatedOnToolsVersion = 6.1;
					};
					843D7A341A05264C007FC689 = {
						CreatedOnToolsVersion = 6.1;
						TestTargetID = 843D7A1B1A05264B007FC689;
					};
				};
			};
			buildConfigurationList = 843D7A171A05264B007FC689 /* Build configuration list for PBXProject "olasiphone" */;
			compatibilityVersion = "Xcode 3.2";
			developmentRegion = English;
			hasScannedForEncodings = 0;
			knownRegions = (
				en,
				Base,
			);
			mainGroup = 843D7A131A05264B007FC689;
			productRefGroup = 843D7A1D1A05264B007FC689 /* Products */;
			projectDirPath = "";
			projectRoot = "";
			targets = (
				843D7A1B1A05264B007FC689 /* olasiphone */,
				843D7A341A05264C007FC689 /* olasiphoneTests */,
			);
		};
/* End PBXProject section */

/* Begin PBXResourcesBuildPhase section */
		843D7A1A1A05264B007FC689 /* Resources */ = {
			isa = PBXResourcesBuildPhase;
			buildActionMask = 2147483647;
			files = (
				843D7A2B1A05264B007FC689 /* Main.storyboard in Resources */,
				843D7A301A05264B007FC689 /* LaunchScreen.xib in Resources */,
				843D7A2D1A05264B007FC689 /* Images.xcassets in Resources */,
			);
			runOnlyForDeploymentPostprocessing = 0;
		};
		843D7A331A05264C007FC689 /* Resources */ = {
			isa = PBXResourcesBuildPhase;
			buildActionMask = 2147483647;
			files = (
			);
			runOnlyForDeploymentPostprocessing = 0;
		};
/* End PBXResourcesBuildPhase section */

/* Begin PBXSourcesBuildPhase section */
		843D7A181A05264B007FC689 /* Sources */ = {
			isa = PBXSourcesBuildPhase;
			buildActionMask = 2147483647;
			files = (
				843D7A281A05264B007FC689 /* ViewController.m in Sources */,
				843D7A251A05264B007FC689 /* AppDelegate.m in Sources */,
				843D7A221A05264B007FC689 /* main.m in Sources */,
			);
			runOnlyForDeploymentPostprocessing = 0;
		};
		843D7A311A05264C007FC689 /* Sources */ = {
			isa = PBXSourcesBuildPhase;
			buildActionMask = 2147483647;
			files = (
				843D7A3C1A05264C007FC689 /* olasiphoneTests.m in Sources */,
			);
			runOnlyForDeploymentPostprocessing = 0;
		};
/* End PBXSourcesBuildPhase section */

/* Begin PBXTargetDependency section */
		843D7A371A05264C007FC689 /* PBXTargetDependency */ = {
			isa = PBXTargetDependency;
			target = 843D7A1B1A05264B007FC689 /* olasiphone */;
			targetProxy = 843D7A361A05264C007FC689 /* PBXContainerItemProxy */;
		};
/* End PBXTargetDependency section */

/* Begin PBXVariantGroup section */
		843D7A291A05264B007FC689 /* Main.storyboard */ = {
			isa = PBXVariantGroup;
			children = (
				843D7A2A1A05264B007FC689 /* Base */,
			);
			name = Main.storyboard;
			sourceTree = "<group>";
		};
		843D7A2E1A05264B007FC689 /* LaunchScreen.xib */ = {
			isa = PBXVariantGroup;
			children = (
				843D7A2F1A05264B007FC689 /* Base */,
			);
			name = LaunchScreen.xib;
			sourceTree = "<group>";
		};
/* End PBXVariantGroup section */

/* Begin XCBuildConfiguration section */
		843D7A3D1A05264C007FC689 /* Debug */ = {
			isa = XCBuildConfiguration;
			buildSettings = {
				ALWAYS_SEARCH_USER_PATHS = NO;
				CLANG_CXX_LANGUAGE_STANDARD = "gnu++0x";
				CLANG_CXX_LIBRARY = "libc++";
				CLANG_ENABLE_MODULES = YES;
				CLANG_ENABLE_OBJC_ARC = YES;
				CLANG_WARN_BOOL_CONVERSION = YES;
				CLANG_WARN_CONSTANT_CONVERSION = YES;
				CLANG_WARN_DIRECT_OBJC_ISA_USAGE = YES_ERROR;
				CLANG_WARN_EMPTY_BODY = YES;
				CLANG_WARN_ENUM_CONVERSION = YES;
				CLANG_WARN_INT_CONVERSION = YES;
				CLANG_WARN_OBJC_ROOT_CLASS = YES_ERROR;
				CLANG_WARN_UNREACHABLE_CODE = YES;
				CLANG_WARN__DUPLICATE_METHOD_MATCH = YES;
				"CODE_SIGN_IDENTITY[sdk=iphoneos*]" = "iPhone Developer";
				COPY_PHASE_STRIP = NO;
				ENABLE_STRICT_OBJC_MSGSEND = YES;
				GCC_C_LANGUAGE_STANDARD = gnu99;
				GCC_DYNAMIC_NO_PIC = NO;
				GCC_OPTIMIZATION_LEVEL = 0;
				GCC_PREPROCESSOR_DEFINITIONS = (
					"DEBUG=1",
					"$(inherited)",
				);
				GCC_SYMBOLS_PRIVATE_EXTERN = NO;
				GCC_WARN_64_TO_32_BIT_CONVERSION = YES;
				GCC_WARN_ABOUT_RETURN_TYPE = YES_ERROR;
				GCC_WARN_UNDECLARED_SELECTOR = YES;
				GCC_WARN_UNINITIALIZED_AUTOS = YES_AGGRESSIVE;
				GCC_WARN_UNUSED_FUNCTION = YES;
				GCC_WARN_UNUSED_VARIABLE = YES;
				IPHONEOS_DEPLOYMENT_TARGET = 8.1;
				MTL_ENABLE_DEBUG_INFO = YES;
				ONLY_ACTIVE_ARCH = YES;
				SDKROOT = iphoneos;
			};
			name = Debug;
		};
		843D7A3E1A05264C007FC689 /* Release */ = {
			isa = XCBuildConfiguration;
			buildSettings = {
				ALWAYS_SEARCH_USER_PATHS = NO;
				CLANG_CXX_LANGUAGE_STANDARD = "gnu++0x";
				CLANG_CXX_LIBRARY = "libc++";
				CLANG_ENABLE_MODULES = YES;
				CLANG_ENABLE_OBJC_ARC = YES;
				CLANG_WARN_BOOL_CONVERSION = YES;
				CLANG_WARN_CONSTANT_CONVERSION = YES;
				CLANG_WARN_DIRECT_OBJC_ISA_USAGE = YES_ERROR;
				CLANG_WARN_EMPTY_BODY = YES;
				CLANG_WARN_ENUM_CONVERSION = YES;
				CLANG_WARN_INT_CONVERSION = YES;
				CLANG_WARN_OBJC_ROOT_CLASS = YES_ERROR;
				CLANG_WARN_UNREACHABLE_CODE = YES;
				CLANG_WARN__DUPLICATE_METHOD_MATCH = YES;
				"CODE_SIGN_IDENTITY[sdk=iphoneos*]" = "iPhone Developer";
				COPY_PHASE_STRIP = YES;
				ENABLE_NS_ASSERTIONS = NO;
				ENABLE_STRICT_OBJC_MSGSEND = YES;
				GCC_C_LANGUAGE_STANDARD = gnu99;
				GCC_WARN_64_TO_32_BIT_CONVERSION = YES;
				GCC_WARN_ABOUT_RETURN_TYPE = YES_ERROR;
				GCC_WARN_UNDECLARED_SELECTOR = YES;
				GCC_WARN_UNINITIALIZED_AUTOS = YES_AGGRESSIVE;
				GCC_WARN_UNUSED_FUNCTION = YES;
				GCC_WARN_UNUSED_VARIABLE = YES;
				IPHONEOS_DEPLOYMENT_TARGET = 8.1;
				MTL_ENABLE_DEBUG_INFO = NO;
				SDKROOT = iphoneos;
				VALIDATE_PRODUCT = YES;
			};
			name = Release;
		};
		843D7A401A05264C007FC689 /* Debug */ = {
			isa = XCBuildConfiguration;
			buildSettings = {
				ASSETCATALOG_COMPILER_APPICON_NAME = AppIcon;
				INFOPLIST_FILE = olasiphone/Info.plist;
				LD_RUNPATH_SEARCH_PATHS = "$(inherited) @executable_path/Frameworks";
				PRODUCT_NAME = "$(TARGET_NAME)";
			};
			name = Debug;
		};
		843D7A411A05264C007FC689 /* Release */ = {
			isa = XCBuildConfiguration;
			buildSettings = {
				ASSETCATALOG_COMPILER_APPICON_NAME = AppIcon;
				INFOPLIST_FILE = olasiphone/Info.plist;
				LD_RUNPATH_SEARCH_PATHS = "$(inherited) @executable_path/Frameworks";
				PRODUCT_NAME = "$(TARGET_NAME)";
			};
			name = Release;
		};
		843D7A431A05264C007FC689 /* Debug */ = {
			isa = XCBuildConfiguration;
			buildSettings = {
				BUNDLE_LOADER = "$(TEST_HOST)";
				FRAMEWORK_SEARCH_PATHS = (
					"$(SDKROOT)/Developer/Library/Frameworks",
					"$(inherited)",
				);
				GCC_PREPROCESSOR_DEFINITIONS = (
					"DEBUG=1",
					"$(inherited)",
				);
				INFOPLIST_FILE = olasiphoneTests/Info.plist;
				LD_RUNPATH_SEARCH_PATHS = "$(inherited) @executable_path/Frameworks @loader_path/Frameworks";
				PRODUCT_NAME = "$(TARGET_NAME)";
				TEST_HOST = "$(BUILT_PRODUCTS_DIR)/olasiphone.app/olasiphone";
			};
			name = Debug;
		};
		843D7A441A05264C007FC689 /* Release */ = {
			isa = XCBuildConfiguration;
			buildSettings = {
				BUNDLE_LOADER = "$(TEST_HOST)";
				FRAMEWORK_SEARCH_PATHS = (
					"$(SDKROOT)/Developer/Library/Frameworks",
					"$(inherited)",
				);
				INFOPLIST_FILE = olasiphoneTests/Info.plist;
				LD_RUNPATH_SEARCH_PATHS = "$(inherited) @executable_path/Frameworks @loader_path/Frameworks";
				PRODUCT_NAME = "$(TARGET_NAME)";
				TEST_HOST = "$(BUILT_PRODUCTS_DIR)/olasiphone.app/olasiphone";
			};
			name = Release;
		};
/* End XCBuildConfiguration section */

/* Begin XCConfigurationList section */
		843D7A171A05264B007FC689 /* Build configuration list for PBXProject "olasiphone" */ = {
			isa = XCConfigurationList;
			buildConfigurations = (
				843D7A3D1A05264C007FC689 /* Debug */,
				843D7A3E1A05264C007FC689 /* Release */,
			);
			defaultConfigurationIsVisible = 0;
			defaultConfigurationName = Release;
		};
		843D7A3F1A05264C007FC689 /* Build configuration list for PBXNativeTarget "olasiphone" */ = {
			isa = XCConfigurationList;
			buildConfigurations = (
				843D7A401A05264C007FC689 /* Debug */,
				843D7A411A05264C007FC689 /* Release */,
			);
			defaultConfigurationIsVisible = 0;
		};
		843D7A421A05264C007FC689 /* Build configuration list for PBXNativeTarget "olasiphoneTests" */ = {
			isa = XCConfigurationList;
			buildConfigurations = (
				843D7A431A05264C007FC689 /* Debug */,
				843D7A441A05264C007FC689 /* Release */,
			);
			defaultConfigurationIsVisible = 0;
		};
/* End XCConfigurationList section */
	};
	rootObject = 843D7A141A05264B007FC689 /* Project object */;
}
