// !$*UTF8*$!
{
	archiveVersion = 1;
	classes = {
	};
	objectVersion = 46;
	objects = {

/* Begin PBXBuildFile section */
		845D8BEC1A0366B6001ADBCA /* main.m in Sources */ = {isa = PBXBuildFile; fileRef = 845D8BEB1A0366B6001ADBCA /* main.m */; };
		845D8BEF1A0366B6001ADBCA /* AppDelegate.m in Sources */ = {isa = PBXBuildFile; fileRef = 845D8BEE1A0366B6001ADBCA /* AppDelegate.m */; };
		845D8BF71A0366B6001ADBCA /* Images.xcassets in Resources */ = {isa = PBXBuildFile; fileRef = 845D8BF61A0366B6001ADBCA /* Images.xcassets */; };
		845D8BFA1A0366B6001ADBCA /* LaunchScreen.xib in Resources */ = {isa = PBXBuildFile; fileRef = 845D8BF81A0366B6001ADBCA /* LaunchScreen.xib */; };
		845D8C061A0366B6001ADBCA /* olasiphoneTests.m in Sources */ = {isa = PBXBuildFile; fileRef = 845D8C051A0366B6001ADBCA /* olasiphoneTests.m */; };
		845D8C131A036731001ADBCA /* BaseViewController.m in Sources */ = {isa = PBXBuildFile; fileRef = 845D8C121A036731001ADBCA /* BaseViewController.m */; };
/* End PBXBuildFile section */

/* Begin PBXContainerItemProxy section */
		845D8C001A0366B6001ADBCA /* PBXContainerItemProxy */ = {
			isa = PBXContainerItemProxy;
			containerPortal = 845D8BDE1A0366B6001ADBCA /* Project object */;
			proxyType = 1;
			remoteGlobalIDString = 845D8BE51A0366B6001ADBCA;
			remoteInfo = olasiphone;
		};
/* End PBXContainerItemProxy section */

/* Begin PBXFileReference section */
		845D8BE61A0366B6001ADBCA /* olasiphone.app */ = {isa = PBXFileReference; explicitFileType = wrapper.application; includeInIndex = 0; path = olasiphone.app; sourceTree = BUILT_PRODUCTS_DIR; };
		845D8BEA1A0366B6001ADBCA /* Info.plist */ = {isa = PBXFileReference; lastKnownFileType = text.plist.xml; path = Info.plist; sourceTree = "<group>"; };
		845D8BEB1A0366B6001ADBCA /* main.m */ = {isa = PBXFileReference; lastKnownFileType = sourcecode.c.objc; path = main.m; sourceTree = "<group>"; };
		845D8BED1A0366B6001ADBCA /* AppDelegate.h */ = {isa = PBXFileReference; lastKnownFileType = sourcecode.c.h; path = AppDelegate.h; sourceTree = "<group>"; };
		845D8BEE1A0366B6001ADBCA /* AppDelegate.m */ = {isa = PBXFileReference; lastKnownFileType = sourcecode.c.objc; path = AppDelegate.m; sourceTree = "<group>"; };
		845D8BF61A0366B6001ADBCA /* Images.xcassets */ = {isa = PBXFileReference; lastKnownFileType = folder.assetcatalog; path = Images.xcassets; sourceTree = "<group>"; };
		845D8BF91A0366B6001ADBCA /* Base */ = {isa = PBXFileReference; lastKnownFileType = file.xib; name = Base; path = Base.lproj/LaunchScreen.xib; sourceTree = "<group>"; };
		845D8BFF1A0366B6001ADBCA /* olasiphoneTests.xctest */ = {isa = PBXFileReference; explicitFileType = wrapper.cfbundle; includeInIndex = 0; path = olasiphoneTests.xctest; sourceTree = BUILT_PRODUCTS_DIR; };
		845D8C041A0366B6001ADBCA /* Info.plist */ = {isa = PBXFileReference; lastKnownFileType = text.plist.xml; path = Info.plist; sourceTree = "<group>"; };
		845D8C051A0366B6001ADBCA /* olasiphoneTests.m */ = {isa = PBXFileReference; lastKnownFileType = sourcecode.c.objc; path = olasiphoneTests.m; sourceTree = "<group>"; };
		845D8C111A036731001ADBCA /* BaseViewController.h */ = {isa = PBXFileReference; fileEncoding = 4; lastKnownFileType = sourcecode.c.h; path = BaseViewController.h; sourceTree = "<group>"; };
		845D8C121A036731001ADBCA /* BaseViewController.m */ = {isa = PBXFileReference; fileEncoding = 4; lastKnownFileType = sourcecode.c.objc; path = BaseViewController.m; sourceTree = "<group>"; };
/* End PBXFileReference section */

/* Begin PBXFrameworksBuildPhase section */
		845D8BE31A0366B6001ADBCA /* Frameworks */ = {
			isa = PBXFrameworksBuildPhase;
			buildActionMask = 2147483647;
			files = (
			);
			runOnlyForDeploymentPostprocessing = 0;
		};
		845D8BFC1A0366B6001ADBCA /* Frameworks */ = {
			isa = PBXFrameworksBuildPhase;
			buildActionMask = 2147483647;
			files = (
			);
			runOnlyForDeploymentPostprocessing = 0;
		};
/* End PBXFrameworksBuildPhase section */

/* Begin PBXGroup section */
		845D8BDD1A0366B6001ADBCA = {
			isa = PBXGroup;
			children = (
				845D8BE81A0366B6001ADBCA /* olasiphone */,
				845D8C021A0366B6001ADBCA /* olasiphoneTests */,
				845D8BE71A0366B6001ADBCA /* Products */,
			);
			sourceTree = "<group>";
		};
		845D8BE71A0366B6001ADBCA /* Products */ = {
			isa = PBXGroup;
			children = (
				845D8BE61A0366B6001ADBCA /* olasiphone.app */,
				845D8BFF1A0366B6001ADBCA /* olasiphoneTests.xctest */,
			);
			name = Products;
			sourceTree = "<group>";
		};
		845D8BE81A0366B6001ADBCA /* olasiphone */ = {
			isa = PBXGroup;
			children = (
				845D8C0F1A03671D001ADBCA /* ViewController */,
				845D8BED1A0366B6001ADBCA /* AppDelegate.h */,
				845D8BEE1A0366B6001ADBCA /* AppDelegate.m */,
				845D8BF61A0366B6001ADBCA /* Images.xcassets */,
				845D8BF81A0366B6001ADBCA /* LaunchScreen.xib */,
				845D8BE91A0366B6001ADBCA /* Supporting Files */,
			);
			path = olasiphone;
			sourceTree = "<group>";
		};
		845D8BE91A0366B6001ADBCA /* Supporting Files */ = {
			isa = PBXGroup;
			children = (
				845D8BEA1A0366B6001ADBCA /* Info.plist */,
				845D8BEB1A0366B6001ADBCA /* main.m */,
			);
			name = "Supporting Files";
			sourceTree = "<group>";
		};
		845D8C021A0366B6001ADBCA /* olasiphoneTests */ = {
			isa = PBXGroup;
			children = (
				845D8C051A0366B6001ADBCA /* olasiphoneTests.m */,
				845D8C031A0366B6001ADBCA /* Supporting Files */,
			);
			path = olasiphoneTests;
			sourceTree = "<group>";
		};
		845D8C031A0366B6001ADBCA /* Supporting Files */ = {
			isa = PBXGroup;
			children = (
				845D8C041A0366B6001ADBCA /* Info.plist */,
			);
			name = "Supporting Files";
			sourceTree = "<group>";
		};
		845D8C0F1A03671D001ADBCA /* ViewController */ = {
			isa = PBXGroup;
			children = (
				845D8C101A03671D001ADBCA /* BaseViewCotroller */,
			);
			path = ViewController;
			sourceTree = "<group>";
		};
		845D8C101A03671D001ADBCA /* BaseViewCotroller */ = {
			isa = PBXGroup;
			children = (
				845D8C111A036731001ADBCA /* BaseViewController.h */,
				845D8C121A036731001ADBCA /* BaseViewController.m */,
			);
			path = BaseViewCotroller;
			sourceTree = "<group>";
		};
/* End PBXGroup section */

/* Begin PBXNativeTarget section */
		845D8BE51A0366B6001ADBCA /* olasiphone */ = {
			isa = PBXNativeTarget;
			buildConfigurationList = 845D8C091A0366B6001ADBCA /* Build configuration list for PBXNativeTarget "olasiphone" */;
			buildPhases = (
				845D8BE21A0366B6001ADBCA /* Sources */,
				845D8BE31A0366B6001ADBCA /* Frameworks */,
				845D8BE41A0366B6001ADBCA /* Resources */,
			);
			buildRules = (
			);
			dependencies = (
			);
			name = olasiphone;
			productName = olasiphone;
			productReference = 845D8BE61A0366B6001ADBCA /* olasiphone.app */;
			productType = "com.apple.product-type.application";
		};
		845D8BFE1A0366B6001ADBCA /* olasiphoneTests */ = {
			isa = PBXNativeTarget;
			buildConfigurationList = 845D8C0C1A0366B6001ADBCA /* Build configuration list for PBXNativeTarget "olasiphoneTests" */;
			buildPhases = (
				845D8BFB1A0366B6001ADBCA /* Sources */,
				845D8BFC1A0366B6001ADBCA /* Frameworks */,
				845D8BFD1A0366B6001ADBCA /* Resources */,
			);
			buildRules = (
			);
			dependencies = (
				845D8C011A0366B6001ADBCA /* PBXTargetDependency */,
			);
			name = olasiphoneTests;
			productName = olasiphoneTests;
			productReference = 845D8BFF1A0366B6001ADBCA /* olasiphoneTests.xctest */;
			productType = "com.apple.product-type.bundle.unit-test";
		};
/* End PBXNativeTarget section */

/* Begin PBXProject section */
		845D8BDE1A0366B6001ADBCA /* Project object */ = {
			isa = PBXProject;
			attributes = {
				LastUpgradeCheck = 0610;
				ORGANIZATIONNAME = xiaoguizi;
				TargetAttributes = {
					845D8BE51A0366B6001ADBCA = {
						CreatedOnToolsVersion = 6.1;
					};
					845D8BFE1A0366B6001ADBCA = {
						CreatedOnToolsVersion = 6.1;
						TestTargetID = 845D8BE51A0366B6001ADBCA;
					};
				};
			};
			buildConfigurationList = 845D8BE11A0366B6001ADBCA /* Build configuration list for PBXProject "olasiphone" */;
			compatibilityVersion = "Xcode 3.2";
			developmentRegion = English;
			hasScannedForEncodings = 0;
			knownRegions = (
				en,
				Base,
			);
			mainGroup = 845D8BDD1A0366B6001ADBCA;
			productRefGroup = 845D8BE71A0366B6001ADBCA /* Products */;
			projectDirPath = "";
			projectRoot = "";
			targets = (
				845D8BE51A0366B6001ADBCA /* olasiphone */,
				845D8BFE1A0366B6001ADBCA /* olasiphoneTests */,
			);
		};
/* End PBXProject section */

/* Begin PBXResourcesBuildPhase section */
		845D8BE41A0366B6001ADBCA /* Resources */ = {
			isa = PBXResourcesBuildPhase;
			buildActionMask = 2147483647;
			files = (
				845D8BFA1A0366B6001ADBCA /* LaunchScreen.xib in Resources */,
				845D8BF71A0366B6001ADBCA /* Images.xcassets in Resources */,
			);
			runOnlyForDeploymentPostprocessing = 0;
		};
		845D8BFD1A0366B6001ADBCA /* Resources */ = {
			isa = PBXResourcesBuildPhase;
			buildActionMask = 2147483647;
			files = (
			);
			runOnlyForDeploymentPostprocessing = 0;
		};
/* End PBXResourcesBuildPhase section */

/* Begin PBXSourcesBuildPhase section */
		845D8BE21A0366B6001ADBCA /* Sources */ = {
			isa = PBXSourcesBuildPhase;
			buildActionMask = 2147483647;
			files = (
				845D8BEF1A0366B6001ADBCA /* AppDelegate.m in Sources */,
				845D8C131A036731001ADBCA /* BaseViewController.m in Sources */,
				845D8BEC1A0366B6001ADBCA /* main.m in Sources */,
			);
			runOnlyForDeploymentPostprocessing = 0;
		};
		845D8BFB1A0366B6001ADBCA /* Sources */ = {
			isa = PBXSourcesBuildPhase;
			buildActionMask = 2147483647;
			files = (
				845D8C061A0366B6001ADBCA /* olasiphoneTests.m in Sources */,
			);
			runOnlyForDeploymentPostprocessing = 0;
		};
/* End PBXSourcesBuildPhase section */

/* Begin PBXTargetDependency section */
		845D8C011A0366B6001ADBCA /* PBXTargetDependency */ = {
			isa = PBXTargetDependency;
			target = 845D8BE51A0366B6001ADBCA /* olasiphone */;
			targetProxy = 845D8C001A0366B6001ADBCA /* PBXContainerItemProxy */;
		};
/* End PBXTargetDependency section */

/* Begin PBXVariantGroup section */
		845D8BF81A0366B6001ADBCA /* LaunchScreen.xib */ = {
			isa = PBXVariantGroup;
			children = (
				845D8BF91A0366B6001ADBCA /* Base */,
			);
			name = LaunchScreen.xib;
			sourceTree = "<group>";
		};
/* End PBXVariantGroup section */

/* Begin XCBuildConfiguration section */
		845D8C071A0366B6001ADBCA /* Debug */ = {
			isa = XCBuildConfiguration;
			buildSettings = {
				ALWAYS_SEARCH_USER_PATHS = NO;
				CLANG_CXX_LANGUAGE_STANDARD = "gnu++0x";
				CLANG_CXX_LIBRARY = "libc++";
				CLANG_ENABLE_MODULES = YES;
				CLANG_ENABLE_OBJC_ARC = YES;
				CLANG_WARN_BOOL_CONVERSION = YES;
				CLANG_WARN_CONSTANT_CONVERSION = YES;
				CLANG_WARN_DIRECT_OBJC_ISA_USAGE = YES_ERROR;
				CLANG_WARN_EMPTY_BODY = YES;
				CLANG_WARN_ENUM_CONVERSION = YES;
				CLANG_WARN_INT_CONVERSION = YES;
				CLANG_WARN_OBJC_ROOT_CLASS = YES_ERROR;
				CLANG_WARN_UNREACHABLE_CODE = YES;
				CLANG_WARN__DUPLICATE_METHOD_MATCH = YES;
				"CODE_SIGN_IDENTITY[sdk=iphoneos*]" = "iPhone Developer";
				COPY_PHASE_STRIP = NO;
				ENABLE_STRICT_OBJC_MSGSEND = YES;
				GCC_C_LANGUAGE_STANDARD = gnu99;
				GCC_DYNAMIC_NO_PIC = NO;
				GCC_OPTIMIZATION_LEVEL = 0;
				GCC_PREPROCESSOR_DEFINITIONS = (
					"DEBUG=1",
					"$(inherited)",
				);
				GCC_SYMBOLS_PRIVATE_EXTERN = NO;
				GCC_WARN_64_TO_32_BIT_CONVERSION = YES;
				GCC_WARN_ABOUT_RETURN_TYPE = YES_ERROR;
				GCC_WARN_UNDECLARED_SELECTOR = YES;
				GCC_WARN_UNINITIALIZED_AUTOS = YES_AGGRESSIVE;
				GCC_WARN_UNUSED_FUNCTION = YES;
				GCC_WARN_UNUSED_VARIABLE = YES;
				IPHONEOS_DEPLOYMENT_TARGET = 7.0;
				MTL_ENABLE_DEBUG_INFO = YES;
				ONLY_ACTIVE_ARCH = YES;
				SDKROOT = iphoneos;
			};
			name = Debug;
		};
		845D8C081A0366B6001ADBCA /* Release */ = {
			isa = XCBuildConfiguration;
			buildSettings = {
				ALWAYS_SEARCH_USER_PATHS = NO;
				CLANG_CXX_LANGUAGE_STANDARD = "gnu++0x";
				CLANG_CXX_LIBRARY = "libc++";
				CLANG_ENABLE_MODULES = YES;
				CLANG_ENABLE_OBJC_ARC = YES;
				CLANG_WARN_BOOL_CONVERSION = YES;
				CLANG_WARN_CONSTANT_CONVERSION = YES;
				CLANG_WARN_DIRECT_OBJC_ISA_USAGE = YES_ERROR;
				CLANG_WARN_EMPTY_BODY = YES;
				CLANG_WARN_ENUM_CONVERSION = YES;
				CLANG_WARN_INT_CONVERSION = YES;
				CLANG_WARN_OBJC_ROOT_CLASS = YES_ERROR;
				CLANG_WARN_UNREACHABLE_CODE = YES;
				CLANG_WARN__DUPLICATE_METHOD_MATCH = YES;
				"CODE_SIGN_IDENTITY[sdk=iphoneos*]" = "iPhone Developer";
				COPY_PHASE_STRIP = YES;
				ENABLE_NS_ASSERTIONS = NO;
				ENABLE_STRICT_OBJC_MSGSEND = YES;
				GCC_C_LANGUAGE_STANDARD = gnu99;
				GCC_WARN_64_TO_32_BIT_CONVERSION = YES;
				GCC_WARN_ABOUT_RETURN_TYPE = YES_ERROR;
				GCC_WARN_UNDECLARED_SELECTOR = YES;
				GCC_WARN_UNINITIALIZED_AUTOS = YES_AGGRESSIVE;
				GCC_WARN_UNUSED_FUNCTION = YES;
				GCC_WARN_UNUSED_VARIABLE = YES;
				IPHONEOS_DEPLOYMENT_TARGET = 7.0;
				MTL_ENABLE_DEBUG_INFO = NO;
				SDKROOT = iphoneos;
				VALIDATE_PRODUCT = YES;
			};
			name = Release;
		};
		845D8C0A1A0366B6001ADBCA /* Debug */ = {
			isa = XCBuildConfiguration;
			buildSettings = {
				ASSETCATALOG_COMPILER_APPICON_NAME = AppIcon;
				INFOPLIST_FILE = olasiphone/Info.plist;
				LD_RUNPATH_SEARCH_PATHS = "$(inherited) @executable_path/Frameworks";
				PRODUCT_NAME = "$(TARGET_NAME)";
			};
			name = Debug;
		};
		845D8C0B1A0366B6001ADBCA /* Release */ = {
			isa = XCBuildConfiguration;
			buildSettings = {
				ASSETCATALOG_COMPILER_APPICON_NAME = AppIcon;
				INFOPLIST_FILE = olasiphone/Info.plist;
				LD_RUNPATH_SEARCH_PATHS = "$(inherited) @executable_path/Frameworks";
				PRODUCT_NAME = "$(TARGET_NAME)";
			};
			name = Release;
		};
		845D8C0D1A0366B6001ADBCA /* Debug */ = {
			isa = XCBuildConfiguration;
			buildSettings = {
				BUNDLE_LOADER = "$(TEST_HOST)";
				FRAMEWORK_SEARCH_PATHS = (
					"$(SDKROOT)/Developer/Library/Frameworks",
					"$(inherited)",
				);
				GCC_PREPROCESSOR_DEFINITIONS = (
					"DEBUG=1",
					"$(inherited)",
				);
				INFOPLIST_FILE = olasiphoneTests/Info.plist;
				LD_RUNPATH_SEARCH_PATHS = "$(inherited) @executable_path/Frameworks @loader_path/Frameworks";
				PRODUCT_NAME = "$(TARGET_NAME)";
				TEST_HOST = "$(BUILT_PRODUCTS_DIR)/olasiphone.app/olasiphone";
			};
			name = Debug;
		};
		845D8C0E1A0366B6001ADBCA /* Release */ = {
			isa = XCBuildConfiguration;
			buildSettings = {
				BUNDLE_LOADER = "$(TEST_HOST)";
				FRAMEWORK_SEARCH_PATHS = (
					"$(SDKROOT)/Developer/Library/Frameworks",
					"$(inherited)",
				);
				INFOPLIST_FILE = olasiphoneTests/Info.plist;
				LD_RUNPATH_SEARCH_PATHS = "$(inherited) @executable_path/Frameworks @loader_path/Frameworks";
				PRODUCT_NAME = "$(TARGET_NAME)";
				TEST_HOST = "$(BUILT_PRODUCTS_DIR)/olasiphone.app/olasiphone";
			};
			name = Release;
		};
/* End XCBuildConfiguration section */

/* Begin XCConfigurationList section */
		845D8BE11A0366B6001ADBCA /* Build configuration list for PBXProject "olasiphone" */ = {
			isa = XCConfigurationList;
			buildConfigurations = (
				845D8C071A0366B6001ADBCA /* Debug */,
				845D8C081A0366B6001ADBCA /* Release */,
			);
			defaultConfigurationIsVisible = 0;
			defaultConfigurationName = Release;
		};
		845D8C091A0366B6001ADBCA /* Build configuration list for PBXNativeTarget "olasiphone" */ = {
			isa = XCConfigurationList;
			buildConfigurations = (
				845D8C0A1A0366B6001ADBCA /* Debug */,
				845D8C0B1A0366B6001ADBCA /* Release */,
			);
			defaultConfigurationIsVisible = 0;
		};
		845D8C0C1A0366B6001ADBCA /* Build configuration list for PBXNativeTarget "olasiphoneTests" */ = {
			isa = XCConfigurationList;
			buildConfigurations = (
				845D8C0D1A0366B6001ADBCA /* Debug */,
				845D8C0E1A0366B6001ADBCA /* Release */,
			);
			defaultConfigurationIsVisible = 0;
		};
/* End XCConfigurationList section */
	};
	rootObject = 845D8BDE1A0366B6001ADBCA /* Project object */;
}
